{
  "name": "lite-ts-activity",
  "version": "1.0.0",
  "lockfileVersion": 3,
  "requires": true,
  "packages": {
    "": {
      "name": "lite-ts-activity",
      "version": "1.0.0",
      "license": "GPL-3.0",
      "devDependencies": {
        "@types/mocha": "^10.0.1",
        "@types/node": "^18.11.18",
        "lite-ts-mock": "^1.1.0",
        "typescript": "^4.9.4"
      }
    },
    "node_modules/@types/mocha": {
      "version": "10.0.1",
      "resolved": "https://registry.npmjs.org/@types/mocha/-/mocha-10.0.1.tgz",
      "integrity": "sha512-/fvYntiO1GeICvqbQ3doGDIP97vWmvFt83GKguJ6prmQM2iXZfFcq6YE8KteFyRtX2/h5Hf91BYvPodJKFYv5Q==",
      "dev": true
    },
    "node_modules/@types/node": {
      "version": "18.11.18",
      "resolved": "https://registry.npmjs.org/@types/node/-/node-18.11.18.tgz",
      "integrity": "sha512-DHQpWGjyQKSHj3ebjFI/wRKcqQcdR+MoFBygntYOZytCqNfkd2ZC4ARDJ2DQqhjH5p85Nnd3jhUJIXrszFX/JA==",
      "dev": true
    },
    "node_modules/lite-ts-mock": {
      "version": "1.1.0",
      "resolved": "https://registry.npmjs.org/lite-ts-mock/-/lite-ts-mock-1.1.0.tgz",
      "integrity": "sha512-Xp7GFN2+q8/zmlSNnYL2iFegH2+gNSY/nKChj0fP/fSxCoFLtJxWIT8opFVrQzEer+zZKeNxO4XgrREx2vKCvg==",
      "dev": true,
      "dependencies": {
        "typescript": "^4.9.4"
      }
    },
    "node_modules/typescript": {
      "version": "4.9.4",
      "resolved": "https://registry.npmjs.org/typescript/-/typescript-4.9.4.tgz",
      "integrity": "sha512-Uz+dTXYzxXXbsFpM86Wh3dKCxrQqUcVMxwU54orwlJjOpO3ao8L7j5lH+dWfTwgCwIuM9GQ2kvVotzYJMXTBZg==",
      "dev": true,
      "bin": {
        "tsc": "bin/tsc",
        "tsserver": "bin/tsserver"
      },
      "engines": {
        "node": ">=4.2.0"
      }
    }
  }
}
